
Microsoft Visual Studio Solution File, Format Version 12.00
# Visual Studio 2012
Project("{FAE04EC0-301F-11D3-BF4B-00C04F79EFBC}") = "Repository", "Repository\Repository.csproj", "{896E7661-F0B8-4DE6-9D8C-AACD5D64D488}"
EndProject
Project("{FAE04EC0-301F-11D3-BF4B-00C04F79EFBC}") = "Console", "Console\Console.csproj", "{F28F6A3A-83EB-4B0C-996D-26BAC1C3B541}"
EndProject
Project("{2150E333-8FDC-42A3-9474-1A3956D46DE8}") = "Solution Items", "Solution Items", "{90DA100D-081A-4B34-B668-D7BCC1E5ACCC}"
	ProjectSection(SolutionItems) = preProject
		LICENSE = LICENSE
		README.md = README.md
	EndProjectSection
EndProject
Project("{FAE04EC0-301F-11D3-BF4B-00C04F79EFBC}") = "Api", "Api\Api.csproj", "{EC686466-E236-4EAD-938E-4AEFA81BB3B6}"
EndProject
Global
	GlobalSection(SolutionConfigurationPlatforms) = preSolution
		Debug|Any CPU = Debug|Any CPU
		Release|Any CPU = Release|Any CPU
	EndGlobalSection
	GlobalSection(ProjectConfigurationPlatforms) = postSolution
		{896E7661-F0B8-4DE6-9D8C-AACD5D64D488}.Debug|Any CPU.ActiveCfg = Debug|Any CPU
		{896E7661-F0B8-4DE6-9D8C-AACD5D64D488}.Debug|Any CPU.Build.0 = Debug|Any CPU
		{896E7661-F0B8-4DE6-9D8C-AACD5D64D488}.Release|Any CPU.ActiveCfg = Release|Any CPU
		{896E7661-F0B8-4DE6-9D8C-AACD5D64D488}.Release|Any CPU.Build.0 = Release|Any CPU
		{F28F6A3A-83EB-4B0C-996D-26BAC1C3B541}.Debug|Any CPU.ActiveCfg = Debug|Any CPU
		{F28F6A3A-83EB-4B0C-996D-26BAC1C3B541}.Debug|Any CPU.Build.0 = Debug|Any CPU
		{F28F6A3A-83EB-4B0C-996D-26BAC1C3B541}.Release|Any CPU.ActiveCfg = Release|Any CPU
		{F28F6A3A-83EB-4B0C-996D-26BAC1C3B541}.Release|Any CPU.Build.0 = Release|Any CPU
		{EC686466-E236-4EAD-938E-4AEFA81BB3B6}.Debug|Any CPU.ActiveCfg = Debug|Any CPU
		{EC686466-E236-4EAD-938E-4AEFA81BB3B6}.Debug|Any CPU.Build.0 = Debug|Any CPU
		{EC686466-E236-4EAD-938E-4AEFA81BB3B6}.Release|Any CPU.ActiveCfg = Release|Any CPU
		{EC686466-E236-4EAD-938E-4AEFA81BB3B6}.Release|Any CPU.Build.0 = Release|Any CPU
	EndGlobalSection
EndGlobal
